
Microsoft Visual Studio Solution File, Format Version 12.00
# Visual Studio 15
VisualStudioVersion = 15.0.26730.16
MinimumVisualStudioVersion = 10.0.40219.1
Project("{FAE04EC0-301F-11D3-BF4B-00C04F79EFBC}") = "LedStripControl.Android", "LedStripControl\LedStripControl.Android\LedStripControl.Android.csproj", "{A0EBC4C4-5EB8-4D2D-A69D-477E06C4B3CD}"
EndProject
Project("{FAE04EC0-301F-11D3-BF4B-00C04F79EFBC}") = "LedStripControl", "LedStripControl\LedStripControl\LedStripControl.csproj", "{A900BBE9-E2C7-4194-9981-5D5E1547C75B}"
EndProject
Project("{FAE04EC0-301F-11D3-BF4B-00C04F79EFBC}") = "LedStripControl.UWP", "LedStripControl\LedStripControl.UWP\LedStripControl.UWP.csproj", "{32BC8823-8BE1-4028-8674-D357EBDF3C6B}"
EndProject
Global
	GlobalSection(SolutionConfigurationPlatforms) = preSolution
		Ad-Hoc|Any CPU = Ad-Hoc|Any CPU
		Ad-Hoc|ARM = Ad-Hoc|ARM
		Ad-Hoc|iPhone = Ad-Hoc|iPhone
		Ad-Hoc|iPhoneSimulator = Ad-Hoc|iPhoneSimulator
		Ad-Hoc|x64 = Ad-Hoc|x64
		Ad-Hoc|x86 = Ad-Hoc|x86
		AppStore|Any CPU = AppStore|Any CPU
		AppStore|ARM = AppStore|ARM
		AppStore|iPhone = AppStore|iPhone
		AppStore|iPhoneSimulator = AppStore|iPhoneSimulator
		AppStore|x64 = AppStore|x64
		AppStore|x86 = AppStore|x86
		Debug|Any CPU = Debug|Any CPU
		Debug|ARM = Debug|ARM
		Debug|iPhone = Debug|iPhone
		Debug|iPhoneSimulator = Debug|iPhoneSimulator
		Debug|x64 = Debug|x64
		Debug|x86 = Debug|x86
		Release|Any CPU = Release|Any CPU
		Release|ARM = Release|ARM
		Release|iPhone = Release|iPhone
		Release|iPhoneSimulator = Release|iPhoneSimulator
		Release|x64 = Release|x64
		Release|x86 = Release|x86
	EndGlobalSection
	GlobalSection(ProjectConfigurationPlatforms) = postSolution
		{A0EBC4C4-5EB8-4D2D-A69D-477E06C4B3CD}.Ad-Hoc|Any CPU.ActiveCfg = Release|Any CPU
		{A0EBC4C4-5EB8-4D2D-A69D-477E06C4B3CD}.Ad-Hoc|Any CPU.Build.0 = Release|Any CPU
		{A0EBC4C4-5EB8-4D2D-A69D-477E06C4B3CD}.Ad-Hoc|Any CPU.Deploy.0 = Release|Any CPU
		{A0EBC4C4-5EB8-4D2D-A69D-477E06C4B3CD}.Ad-Hoc|ARM.ActiveCfg = Release|Any CPU
		{A0EBC4C4-5EB8-4D2D-A69D-477E06C4B3CD}.Ad-Hoc|ARM.Build.0 = Release|Any CPU
		{A0EBC4C4-5EB8-4D2D-A69D-477E06C4B3CD}.Ad-Hoc|ARM.Deploy.0 = Release|Any CPU
		{A0EBC4C4-5EB8-4D2D-A69D-477E06C4B3CD}.Ad-Hoc|iPhone.ActiveCfg = Release|Any CPU
		{A0EBC4C4-5EB8-4D2D-A69D-477E06C4B3CD}.Ad-Hoc|iPhone.Build.0 = Release|Any CPU
		{A0EBC4C4-5EB8-4D2D-A69D-477E06C4B3CD}.Ad-Hoc|iPhone.Deploy.0 = Release|Any CPU
		{A0EBC4C4-5EB8-4D2D-A69D-477E06C4B3CD}.Ad-Hoc|iPhoneSimulator.ActiveCfg = Release|Any CPU
		{A0EBC4C4-5EB8-4D2D-A69D-477E06C4B3CD}.Ad-Hoc|iPhoneSimulator.Build.0 = Release|Any CPU
		{A0EBC4C4-5EB8-4D2D-A69D-477E06C4B3CD}.Ad-Hoc|iPhoneSimulator.Deploy.0 = Release|Any CPU
		{A0EBC4C4-5EB8-4D2D-A69D-477E06C4B3CD}.Ad-Hoc|x64.ActiveCfg = Release|Any CPU
		{A0EBC4C4-5EB8-4D2D-A69D-477E06C4B3CD}.Ad-Hoc|x64.Build.0 = Release|Any CPU
		{A0EBC4C4-5EB8-4D2D-A69D-477E06C4B3CD}.Ad-Hoc|x64.Deploy.0 = Release|Any CPU
		{A0EBC4C4-5EB8-4D2D-A69D-477E06C4B3CD}.Ad-Hoc|x86.ActiveCfg = Release|Any CPU
		{A0EBC4C4-5EB8-4D2D-A69D-477E06C4B3CD}.Ad-Hoc|x86.Build.0 = Release|Any CPU
		{A0EBC4C4-5EB8-4D2D-A69D-477E06C4B3CD}.Ad-Hoc|x86.Deploy.0 = Release|Any CPU
		{A0EBC4C4-5EB8-4D2D-A69D-477E06C4B3CD}.AppStore|Any CPU.ActiveCfg = Release|Any CPU
		{A0EBC4C4-5EB8-4D2D-A69D-477E06C4B3CD}.AppStore|Any CPU.Build.0 = Release|Any CPU
		{A0EBC4C4-5EB8-4D2D-A69D-477E06C4B3CD}.AppStore|Any CPU.Deploy.0 = Release|Any CPU
		{A0EBC4C4-5EB8-4D2D-A69D-477E06C4B3CD}.AppStore|ARM.ActiveCfg = Release|Any CPU
		{A0EBC4C4-5EB8-4D2D-A69D-477E06C4B3CD}.AppStore|ARM.Build.0 = Release|Any CPU
		{A0EBC4C4-5EB8-4D2D-A69D-477E06C4B3CD}.AppStore|ARM.Deploy.0 = Release|Any CPU
		{A0EBC4C4-5EB8-4D2D-A69D-477E06C4B3CD}.AppStore|iPhone.ActiveCfg = Release|Any CPU
		{A0EBC4C4-5EB8-4D2D-A69D-477E06C4B3CD}.AppStore|iPhone.Build.0 = Release|Any CPU
		{A0EBC4C4-5EB8-4D2D-A69D-477E06C4B3CD}.AppStore|iPhone.Deploy.0 = Release|Any CPU
		{A0EBC4C4-5EB8-4D2D-A69D-477E06C4B3CD}.AppStore|iPhoneSimulator.ActiveCfg = Release|Any CPU
		{A0EBC4C4-5EB8-4D2D-A69D-477E06C4B3CD}.AppStore|iPhoneSimulator.Build.0 = Release|Any CPU
		{A0EBC4C4-5EB8-4D2D-A69D-477E06C4B3CD}.AppStore|iPhoneSimulator.Deploy.0 = Release|Any CPU
		{A0EBC4C4-5EB8-4D2D-A69D-477E06C4B3CD}.AppStore|x64.ActiveCfg = Release|Any CPU
		{A0EBC4C4-5EB8-4D2D-A69D-477E06C4B3CD}.AppStore|x64.Build.0 = Release|Any CPU
		{A0EBC4C4-5EB8-4D2D-A69D-477E06C4B3CD}.AppStore|x64.Deploy.0 = Release|Any CPU
		{A0EBC4C4-5EB8-4D2D-A69D-477E06C4B3CD}.AppStore|x86.ActiveCfg = Release|Any CPU
		{A0EBC4C4-5EB8-4D2D-A69D-477E06C4B3CD}.AppStore|x86.Build.0 = Release|Any CPU
		{A0EBC4C4-5EB8-4D2D-A69D-477E06C4B3CD}.AppStore|x86.Deploy.0 = Release|Any CPU
		{A0EBC4C4-5EB8-4D2D-A69D-477E06C4B3CD}.Debug|Any CPU.ActiveCfg = Debug|Any CPU
		{A0EBC4C4-5EB8-4D2D-A69D-477E06C4B3CD}.Debug|Any CPU.Build.0 = Debug|Any CPU
		{A0EBC4C4-5EB8-4D2D-A69D-477E06C4B3CD}.Debug|Any CPU.Deploy.0 = Debug|Any CPU
		{A0EBC4C4-5EB8-4D2D-A69D-477E06C4B3CD}.Debug|ARM.ActiveCfg = Debug|Any CPU
		{A0EBC4C4-5EB8-4D2D-A69D-477E06C4B3CD}.Debug|ARM.Build.0 = Debug|Any CPU
		{A0EBC4C4-5EB8-4D2D-A69D-477E06C4B3CD}.Debug|ARM.Deploy.0 = Debug|Any CPU
		{A0EBC4C4-5EB8-4D2D-A69D-477E06C4B3CD}.Debug|iPhone.ActiveCfg = Debug|Any CPU
		{A0EBC4C4-5EB8-4D2D-A69D-477E06C4B3CD}.Debug|iPhone.Build.0 = Debug|Any CPU
		{A0EBC4C4-5EB8-4D2D-A69D-477E06C4B3CD}.Debug|iPhone.Deploy.0 = Debug|Any CPU
		{A0EBC4C4-5EB8-4D2D-A69D-477E06C4B3CD}.Debug|iPhoneSimulator.ActiveCfg = Debug|Any CPU
		{A0EBC4C4-5EB8-4D2D-A69D-477E06C4B3CD}.Debug|iPhoneSimulator.Build.0 = Debug|Any CPU
		{A0EBC4C4-5EB8-4D2D-A69D-477E06C4B3CD}.Debug|iPhoneSimulator.Deploy.0 = Debug|Any CPU
		{A0EBC4C4-5EB8-4D2D-A69D-477E06C4B3CD}.Debug|x64.ActiveCfg = Debug|Any CPU
		{A0EBC4C4-5EB8-4D2D-A69D-477E06C4B3CD}.Debug|x64.Build.0 = Debug|Any CPU
		{A0EBC4C4-5EB8-4D2D-A69D-477E06C4B3CD}.Debug|x64.Deploy.0 = Debug|Any CPU
		{A0EBC4C4-5EB8-4D2D-A69D-477E06C4B3CD}.Debug|x86.ActiveCfg = Debug|Any CPU
		{A0EBC4C4-5EB8-4D2D-A69D-477E06C4B3CD}.Debug|x86.Build.0 = Debug|Any CPU
		{A0EBC4C4-5EB8-4D2D-A69D-477E06C4B3CD}.Debug|x86.Deploy.0 = Debug|Any CPU
		{A0EBC4C4-5EB8-4D2D-A69D-477E06C4B3CD}.Release|Any CPU.ActiveCfg = Release|Any CPU
		{A0EBC4C4-5EB8-4D2D-A69D-477E06C4B3CD}.Release|Any CPU.Build.0 = Release|Any CPU
		{A0EBC4C4-5EB8-4D2D-A69D-477E06C4B3CD}.Release|Any CPU.Deploy.0 = Release|Any CPU
		{A0EBC4C4-5EB8-4D2D-A69D-477E06C4B3CD}.Release|ARM.ActiveCfg = Release|Any CPU
		{A0EBC4C4-5EB8-4D2D-A69D-477E06C4B3CD}.Release|ARM.Build.0 = Release|Any CPU
		{A0EBC4C4-5EB8-4D2D-A69D-477E06C4B3CD}.Release|ARM.Deploy.0 = Release|Any CPU
		{A0EBC4C4-5EB8-4D2D-A69D-477E06C4B3CD}.Release|iPhone.ActiveCfg = Release|Any CPU
		{A0EBC4C4-5EB8-4D2D-A69D-477E06C4B3CD}.Release|iPhone.Build.0 = Release|Any CPU
		{A0EBC4C4-5EB8-4D2D-A69D-477E06C4B3CD}.Release|iPhone.Deploy.0 = Release|Any CPU
		{A0EBC4C4-5EB8-4D2D-A69D-477E06C4B3CD}.Release|iPhoneSimulator.ActiveCfg = Release|Any CPU
		{A0EBC4C4-5EB8-4D2D-A69D-477E06C4B3CD}.Release|iPhoneSimulator.Build.0 = Release|Any CPU
		{A0EBC4C4-5EB8-4D2D-A69D-477E06C4B3CD}.Release|iPhoneSimulator.Deploy.0 = Release|Any CPU
		{A0EBC4C4-5EB8-4D2D-A69D-477E06C4B3CD}.Release|x64.ActiveCfg = Release|Any CPU
		{A0EBC4C4-5EB8-4D2D-A69D-477E06C4B3CD}.Release|x64.Build.0 = Release|Any CPU
		{A0EBC4C4-5EB8-4D2D-A69D-477E06C4B3CD}.Release|x64.Deploy.0 = Release|Any CPU
		{A0EBC4C4-5EB8-4D2D-A69D-477E06C4B3CD}.Release|x86.ActiveCfg = Release|Any CPU
		{A0EBC4C4-5EB8-4D2D-A69D-477E06C4B3CD}.Release|x86.Build.0 = Release|Any CPU
		{A0EBC4C4-5EB8-4D2D-A69D-477E06C4B3CD}.Release|x86.Deploy.0 = Release|Any CPU
		{A900BBE9-E2C7-4194-9981-5D5E1547C75B}.Ad-Hoc|Any CPU.ActiveCfg = Release|Any CPU
		{A900BBE9-E2C7-4194-9981-5D5E1547C75B}.Ad-Hoc|Any CPU.Build.0 = Release|Any CPU
		{A900BBE9-E2C7-4194-9981-5D5E1547C75B}.Ad-Hoc|ARM.ActiveCfg = Release|Any CPU
		{A900BBE9-E2C7-4194-9981-5D5E1547C75B}.Ad-Hoc|ARM.Build.0 = Release|Any CPU
		{A900BBE9-E2C7-4194-9981-5D5E1547C75B}.Ad-Hoc|iPhone.ActiveCfg = Release|Any CPU
		{A900BBE9-E2C7-4194-9981-5D5E1547C75B}.Ad-Hoc|iPhone.Build.0 = Release|Any CPU
		{A900BBE9-E2C7-4194-9981-5D5E1547C75B}.Ad-Hoc|iPhoneSimulator.ActiveCfg = Release|Any CPU
		{A900BBE9-E2C7-4194-9981-5D5E1547C75B}.Ad-Hoc|iPhoneSimulator.Build.0 = Release|Any CPU
		{A900BBE9-E2C7-4194-9981-5D5E1547C75B}.Ad-Hoc|x64.ActiveCfg = Release|Any CPU
		{A900BBE9-E2C7-4194-9981-5D5E1547C75B}.Ad-Hoc|x64.Build.0 = Release|Any CPU
		{A900BBE9-E2C7-4194-9981-5D5E1547C75B}.Ad-Hoc|x86.ActiveCfg = Release|Any CPU
		{A900BBE9-E2C7-4194-9981-5D5E1547C75B}.Ad-Hoc|x86.Build.0 = Release|Any CPU
		{A900BBE9-E2C7-4194-9981-5D5E1547C75B}.AppStore|Any CPU.ActiveCfg = Release|Any CPU
		{A900BBE9-E2C7-4194-9981-5D5E1547C75B}.AppStore|Any CPU.Build.0 = Release|Any CPU
		{A900BBE9-E2C7-4194-9981-5D5E1547C75B}.AppStore|ARM.ActiveCfg = Release|Any CPU
		{A900BBE9-E2C7-4194-9981-5D5E1547C75B}.AppStore|ARM.Build.0 = Release|Any CPU
		{A900BBE9-E2C7-4194-9981-5D5E1547C75B}.AppStore|iPhone.ActiveCfg = Release|Any CPU
		{A900BBE9-E2C7-4194-9981-5D5E1547C75B}.AppStore|iPhone.Build.0 = Release|Any CPU
		{A900BBE9-E2C7-4194-9981-5D5E1547C75B}.AppStore|iPhoneSimulator.ActiveCfg = Release|Any CPU
		{A900BBE9-E2C7-4194-9981-5D5E1547C75B}.AppStore|iPhoneSimulator.Build.0 = Release|Any CPU
		{A900BBE9-E2C7-4194-9981-5D5E1547C75B}.AppStore|x64.ActiveCfg = Release|Any CPU
		{A900BBE9-E2C7-4194-9981-5D5E1547C75B}.AppStore|x64.Build.0 = Release|Any CPU
		{A900BBE9-E2C7-4194-9981-5D5E1547C75B}.AppStore|x86.ActiveCfg = Release|Any CPU
		{A900BBE9-E2C7-4194-9981-5D5E1547C75B}.AppStore|x86.Build.0 = Release|Any CPU
		{A900BBE9-E2C7-4194-9981-5D5E1547C75B}.Debug|Any CPU.ActiveCfg = Debug|Any CPU
		{A900BBE9-E2C7-4194-9981-5D5E1547C75B}.Debug|Any CPU.Build.0 = Debug|Any CPU
		{A900BBE9-E2C7-4194-9981-5D5E1547C75B}.Debug|ARM.ActiveCfg = Debug|Any CPU
		{A900BBE9-E2C7-4194-9981-5D5E1547C75B}.Debug|ARM.Build.0 = Debug|Any CPU
		{A900BBE9-E2C7-4194-9981-5D5E1547C75B}.Debug|iPhone.ActiveCfg = Debug|Any CPU
		{A900BBE9-E2C7-4194-9981-5D5E1547C75B}.Debug|iPhone.Build.0 = Debug|Any CPU
		{A900BBE9-E2C7-4194-9981-5D5E1547C75B}.Debug|iPhoneSimulator.ActiveCfg = Debug|Any CPU
		{A900BBE9-E2C7-4194-9981-5D5E1547C75B}.Debug|iPhoneSimulator.Build.0 = Debug|Any CPU
		{A900BBE9-E2C7-4194-9981-5D5E1547C75B}.Debug|x64.ActiveCfg = Debug|Any CPU
		{A900BBE9-E2C7-4194-9981-5D5E1547C75B}.Debug|x64.Build.0 = Debug|Any CPU
		{A900BBE9-E2C7-4194-9981-5D5E1547C75B}.Debug|x86.ActiveCfg = Debug|Any CPU
		{A900BBE9-E2C7-4194-9981-5D5E1547C75B}.Debug|x86.Build.0 = Debug|Any CPU
		{A900BBE9-E2C7-4194-9981-5D5E1547C75B}.Release|Any CPU.ActiveCfg = Release|Any CPU
		{A900BBE9-E2C7-4194-9981-5D5E1547C75B}.Release|Any CPU.Build.0 = Release|Any CPU
		{A900BBE9-E2C7-4194-9981-5D5E1547C75B}.Release|ARM.ActiveCfg = Release|Any CPU
		{A900BBE9-E2C7-4194-9981-5D5E1547C75B}.Release|ARM.Build.0 = Release|Any CPU
		{A900BBE9-E2C7-4194-9981-5D5E1547C75B}.Release|iPhone.ActiveCfg = Release|Any CPU
		{A900BBE9-E2C7-4194-9981-5D5E1547C75B}.Release|iPhone.Build.0 = Release|Any CPU
		{A900BBE9-E2C7-4194-9981-5D5E1547C75B}.Release|iPhoneSimulator.ActiveCfg = Release|Any CPU
		{A900BBE9-E2C7-4194-9981-5D5E1547C75B}.Release|iPhoneSimulator.Build.0 = Release|Any CPU
		{A900BBE9-E2C7-4194-9981-5D5E1547C75B}.Release|x64.ActiveCfg = Release|Any CPU
		{A900BBE9-E2C7-4194-9981-5D5E1547C75B}.Release|x64.Build.0 = Release|Any CPU
		{A900BBE9-E2C7-4194-9981-5D5E1547C75B}.Release|x86.ActiveCfg = Release|Any CPU
		{A900BBE9-E2C7-4194-9981-5D5E1547C75B}.Release|x86.Build.0 = Release|Any CPU
		{32BC8823-8BE1-4028-8674-D357EBDF3C6B}.Ad-Hoc|Any CPU.ActiveCfg = Release|x86
		{32BC8823-8BE1-4028-8674-D357EBDF3C6B}.Ad-Hoc|Any CPU.Build.0 = Release|x86
		{32BC8823-8BE1-4028-8674-D357EBDF3C6B}.Ad-Hoc|Any CPU.Deploy.0 = Release|x86
		{32BC8823-8BE1-4028-8674-D357EBDF3C6B}.Ad-Hoc|ARM.ActiveCfg = Release|ARM
		{32BC8823-8BE1-4028-8674-D357EBDF3C6B}.Ad-Hoc|ARM.Build.0 = Release|ARM
		{32BC8823-8BE1-4028-8674-D357EBDF3C6B}.Ad-Hoc|ARM.Deploy.0 = Release|ARM
		{32BC8823-8BE1-4028-8674-D357EBDF3C6B}.Ad-Hoc|iPhone.ActiveCfg = Release|x86
		{32BC8823-8BE1-4028-8674-D357EBDF3C6B}.Ad-Hoc|iPhone.Build.0 = Release|x86
		{32BC8823-8BE1-4028-8674-D357EBDF3C6B}.Ad-Hoc|iPhone.Deploy.0 = Release|x86
		{32BC8823-8BE1-4028-8674-D357EBDF3C6B}.Ad-Hoc|iPhoneSimulator.ActiveCfg = Release|x86
		{32BC8823-8BE1-4028-8674-D357EBDF3C6B}.Ad-Hoc|iPhoneSimulator.Build.0 = Release|x86
		{32BC8823-8BE1-4028-8674-D357EBDF3C6B}.Ad-Hoc|iPhoneSimulator.Deploy.0 = Release|x86
		{32BC8823-8BE1-4028-8674-D357EBDF3C6B}.Ad-Hoc|x64.ActiveCfg = Release|x64
		{32BC8823-8BE1-4028-8674-D357EBDF3C6B}.Ad-Hoc|x64.Build.0 = Release|x64
		{32BC8823-8BE1-4028-8674-D357EBDF3C6B}.Ad-Hoc|x64.Deploy.0 = Release|x64
		{32BC8823-8BE1-4028-8674-D357EBDF3C6B}.Ad-Hoc|x86.ActiveCfg = Release|x86
		{32BC8823-8BE1-4028-8674-D357EBDF3C6B}.Ad-Hoc|x86.Build.0 = Release|x86
		{32BC8823-8BE1-4028-8674-D357EBDF3C6B}.Ad-Hoc|x86.Deploy.0 = Release|x86
		{32BC8823-8BE1-4028-8674-D357EBDF3C6B}.AppStore|Any CPU.ActiveCfg = Release|x86
		{32BC8823-8BE1-4028-8674-D357EBDF3C6B}.AppStore|Any CPU.Build.0 = Release|x86
		{32BC8823-8BE1-4028-8674-D357EBDF3C6B}.AppStore|Any CPU.Deploy.0 = Release|x86
		{32BC8823-8BE1-4028-8674-D357EBDF3C6B}.AppStore|ARM.ActiveCfg = Release|ARM
		{32BC8823-8BE1-4028-8674-D357EBDF3C6B}.AppStore|ARM.Build.0 = Release|ARM
		{32BC8823-8BE1-4028-8674-D357EBDF3C6B}.AppStore|ARM.Deploy.0 = Release|ARM
		{32BC8823-8BE1-4028-8674-D357EBDF3C6B}.AppStore|iPhone.ActiveCfg = Release|x86
		{32BC8823-8BE1-4028-8674-D357EBDF3C6B}.AppStore|iPhone.Build.0 = Release|x86
		{32BC8823-8BE1-4028-8674-D357EBDF3C6B}.AppStore|iPhone.Deploy.0 = Release|x86
		{32BC8823-8BE1-4028-8674-D357EBDF3C6B}.AppStore|iPhoneSimulator.ActiveCfg = Release|x86
		{32BC8823-8BE1-4028-8674-D357EBDF3C6B}.AppStore|iPhoneSimulator.Build.0 = Release|x86
		{32BC8823-8BE1-4028-8674-D357EBDF3C6B}.AppStore|iPhoneSimulator.Deploy.0 = Release|x86
		{32BC8823-8BE1-4028-8674-D357EBDF3C6B}.AppStore|x64.ActiveCfg = Release|x64
		{32BC8823-8BE1-4028-8674-D357EBDF3C6B}.AppStore|x64.Build.0 = Release|x64
		{32BC8823-8BE1-4028-8674-D357EBDF3C6B}.AppStore|x64.Deploy.0 = Release|x64
		{32BC8823-8BE1-4028-8674-D357EBDF3C6B}.AppStore|x86.ActiveCfg = Release|x86
		{32BC8823-8BE1-4028-8674-D357EBDF3C6B}.AppStore|x86.Build.0 = Release|x86
		{32BC8823-8BE1-4028-8674-D357EBDF3C6B}.AppStore|x86.Deploy.0 = Release|x86
		{32BC8823-8BE1-4028-8674-D357EBDF3C6B}.Debug|Any CPU.ActiveCfg = Debug|x86
		{32BC8823-8BE1-4028-8674-D357EBDF3C6B}.Debug|Any CPU.Build.0 = Debug|x86
		{32BC8823-8BE1-4028-8674-D357EBDF3C6B}.Debug|ARM.ActiveCfg = Debug|ARM
		{32BC8823-8BE1-4028-8674-D357EBDF3C6B}.Debug|ARM.Build.0 = Debug|ARM
		{32BC8823-8BE1-4028-8674-D357EBDF3C6B}.Debug|ARM.Deploy.0 = Debug|ARM
		{32BC8823-8BE1-4028-8674-D357EBDF3C6B}.Debug|iPhone.ActiveCfg = Debug|x86
		{32BC8823-8BE1-4028-8674-D357EBDF3C6B}.Debug|iPhoneSimulator.ActiveCfg = Debug|x86
		{32BC8823-8BE1-4028-8674-D357EBDF3C6B}.Debug|x64.ActiveCfg = Debug|x64
		{32BC8823-8BE1-4028-8674-D357EBDF3C6B}.Debug|x64.Build.0 = Debug|x64
		{32BC8823-8BE1-4028-8674-D357EBDF3C6B}.Debug|x64.Deploy.0 = Debug|x64
		{32BC8823-8BE1-4028-8674-D357EBDF3C6B}.Debug|x86.ActiveCfg = Debug|x86
		{32BC8823-8BE1-4028-8674-D357EBDF3C6B}.Debug|x86.Build.0 = Debug|x86
		{32BC8823-8BE1-4028-8674-D357EBDF3C6B}.Debug|x86.Deploy.0 = Debug|x86
		{32BC8823-8BE1-4028-8674-D357EBDF3C6B}.Release|Any CPU.ActiveCfg = Release|x86
		{32BC8823-8BE1-4028-8674-D357EBDF3C6B}.Release|ARM.ActiveCfg = Release|ARM
		{32BC8823-8BE1-4028-8674-D357EBDF3C6B}.Release|ARM.Build.0 = Release|ARM
		{32BC8823-8BE1-4028-8674-D357EBDF3C6B}.Release|ARM.Deploy.0 = Release|ARM
		{32BC8823-8BE1-4028-8674-D357EBDF3C6B}.Release|iPhone.ActiveCfg = Release|x86
		{32BC8823-8BE1-4028-8674-D357EBDF3C6B}.Release|iPhoneSimulator.ActiveCfg = Release|x86
		{32BC8823-8BE1-4028-8674-D357EBDF3C6B}.Release|x64.ActiveCfg = Release|x64
		{32BC8823-8BE1-4028-8674-D357EBDF3C6B}.Release|x64.Build.0 = Release|x64
		{32BC8823-8BE1-4028-8674-D357EBDF3C6B}.Release|x64.Deploy.0 = Release|x64
		{32BC8823-8BE1-4028-8674-D357EBDF3C6B}.Release|x86.ActiveCfg = Release|x86
		{32BC8823-8BE1-4028-8674-D357EBDF3C6B}.Release|x86.Build.0 = Release|x86
		{32BC8823-8BE1-4028-8674-D357EBDF3C6B}.Release|x86.Deploy.0 = Release|x86
	EndGlobalSection
	GlobalSection(SolutionProperties) = preSolution
		HideSolutionNode = FALSE
	EndGlobalSection
	GlobalSection(ExtensibilityGlobals) = postSolution
		SolutionGuid = {F5AD8569-D9AB-4B1A-8C10-2DAF66C42C79}
	EndGlobalSection
EndGlobal
